{
  "version": 4,
  "terraform_version": "1.8.5",
  "serial": 30,
  "lineage": "01e8f2ae-aad2-ba51-38ee-76ad64c2c34b",
  "outputs": {},
  "resources": [
    {
      "mode": "managed",
      "type": "azurerm_resource_group",
      "name": "rg",
      "provider": "provider[\"registry.terraform.io/hashicorp/azurerm\"]",
      "instances": [
        {
          "schema_version": 0,
          "attributes": {
            "id": "/subscriptions/234d4c8a-2c3c-4470-8312-e978f40dc6dd/resourceGroups/codewithyu-rg",
            "location": "uksouth",
            "name": "codewithyu-rg",
            "tags": {
              "Environment": "development"
            },
            "timeouts": null
          },
          "sensitive_attributes": [],
          "private": "eyJlMmJmYjczMC1lY2FhLTExZTYtOGY4OC0zNDM2M2JjN2M0YzAiOnsiY3JlYXRlIjo1NDAwMDAwMDAwMDAwLCJkZWxldGUiOjU0MDAwMDAwMDAwMDAsInJlYWQiOjMwMDAwMDAwMDAwMCwidXBkYXRlIjo1NDAwMDAwMDAwMDAwfX0="
        }
      ]
    },
    {
      "module": "module.data_factory",
      "mode": "data",
      "type": "azurerm_storage_account",
      "name": "destination_folder_storage",
      "provider": "provider[\"registry.terraform.io/hashicorp/azurerm\"]",
      "instances": [
        {
          "schema_version": 0,
          "attributes": {
            "access_tier": "Hot",
            "account_kind": "StorageV2",
            "account_replication_type": "LRS",
            "account_tier": "Standard",
            "allow_nested_items_to_be_public": true,
            "azure_files_authentication": [],
            "custom_domain": null,
            "enable_https_traffic_only": true,
            "id": "/subscriptions/234d4c8a-2c3c-4470-8312-e978f40dc6dd/resourceGroups/codewithyu-rg/providers/Microsoft.Storage/storageAccounts/codewithyusa",
            "identity": [],
            "infrastructure_encryption_enabled": false,
            "is_hns_enabled": false,
            "location": "uksouth",
            "min_tls_version": "TLS1_2",
            "name": "codewithyusa",
            "nfsv3_enabled": false,
            "primary_access_key": "rEVSD5m/bMFNiiPUbpC7x8PMlrcuj6tYFx06YCGVpgyUWdfo4JS509VHd5TH0g9Bh94+b6zXVkeW+AStHNb1fA==",
            "primary_blob_connection_string": "DefaultEndpointsProtocol=https;BlobEndpoint=https://codewithyusa.blob.core.windows.net/;AccountName=codewithyusa;AccountKey=rEVSD5m/bMFNiiPUbpC7x8PMlrcuj6tYFx06YCGVpgyUWdfo4JS509VHd5TH0g9Bh94+b6zXVkeW+AStHNb1fA==",
            "primary_blob_endpoint": "https://codewithyusa.blob.core.windows.net/",
            "primary_blob_host": "codewithyusa.blob.core.windows.net",
            "primary_connection_string": "DefaultEndpointsProtocol=https;AccountName=codewithyusa;AccountKey=rEVSD5m/bMFNiiPUbpC7x8PMlrcuj6tYFx06YCGVpgyUWdfo4JS509VHd5TH0g9Bh94+b6zXVkeW+AStHNb1fA==;EndpointSuffix=core.windows.net",
            "primary_dfs_endpoint": "https://codewithyusa.dfs.core.windows.net/",
            "primary_dfs_host": "codewithyusa.dfs.core.windows.net",
            "primary_file_endpoint": "https://codewithyusa.file.core.windows.net/",
            "primary_file_host": "codewithyusa.file.core.windows.net",
            "primary_location": "uksouth",
            "primary_queue_endpoint": "https://codewithyusa.queue.core.windows.net/",
            "primary_queue_host": "codewithyusa.queue.core.windows.net",
            "primary_table_endpoint": "https://codewithyusa.table.core.windows.net/",
            "primary_table_host": "codewithyusa.table.core.windows.net",
            "primary_web_endpoint": "https://codewithyusa.z33.web.core.windows.net/",
            "primary_web_host": "codewithyusa.z33.web.core.windows.net",
            "queue_encryption_key_type": "Service",
            "resource_group_name": "codewithyu-rg",
            "secondary_access_key": "d2H6EsCpVypIQZx53VuXhIMZlmT/Q+lfGr2kS5dbFet4xnsWxt1znWPnFsNQyMYh7bcN78FdV02d+AStgPD/gA==",
            "secondary_blob_connection_string": "",
            "secondary_blob_endpoint": null,
            "secondary_blob_host": null,
            "secondary_connection_string": "DefaultEndpointsProtocol=https;AccountName=codewithyusa;AccountKey=d2H6EsCpVypIQZx53VuXhIMZlmT/Q+lfGr2kS5dbFet4xnsWxt1znWPnFsNQyMYh7bcN78FdV02d+AStgPD/gA==;EndpointSuffix=core.windows.net",
            "secondary_dfs_endpoint": null,
            "secondary_dfs_host": null,
            "secondary_file_endpoint": null,
            "secondary_file_host": null,
            "secondary_location": "",
            "secondary_queue_endpoint": null,
            "secondary_queue_host": null,
            "secondary_table_endpoint": null,
            "secondary_table_host": null,
            "secondary_web_endpoint": null,
            "secondary_web_host": null,
            "table_encryption_key_type": "Service",
            "tags": {
              "environment": "development"
            },
            "timeouts": null
          },
          "sensitive_attributes": [
            [
              {
                "type": "get_attr",
                "value": "primary_connection_string"
              }
            ],
            [
              {
                "type": "get_attr",
                "value": "secondary_access_key"
              }
            ],
            [
              {
                "type": "get_attr",
                "value": "primary_blob_connection_string"
              }
            ],
            [
              {
                "type": "get_attr",
                "value": "secondary_connection_string"
              }
            ],
            [
              {
                "type": "get_attr",
                "value": "primary_access_key"
              }
            ],
            [
              {
                "type": "get_attr",
                "value": "secondary_blob_connection_string"
              }
            ]
          ]
        }
      ]
    },
    {
      "module": "module.data_factory",
      "mode": "data",
      "type": "azurerm_storage_account",
      "name": "source_folder_storage",
      "provider": "provider[\"registry.terraform.io/hashicorp/azurerm\"]",
      "instances": [
        {
          "schema_version": 0,
          "attributes": {
            "access_tier": "Hot",
            "account_kind": "StorageV2",
            "account_replication_type": "LRS",
            "account_tier": "Standard",
            "allow_nested_items_to_be_public": true,
            "azure_files_authentication": [],
            "custom_domain": null,
            "enable_https_traffic_only": true,
            "id": "/subscriptions/234d4c8a-2c3c-4470-8312-e978f40dc6dd/resourceGroups/codewithyu-rg/providers/Microsoft.Storage/storageAccounts/codewithyusa",
            "identity": [],
            "infrastructure_encryption_enabled": false,
            "is_hns_enabled": false,
            "location": "uksouth",
            "min_tls_version": "TLS1_2",
            "name": "codewithyusa",
            "nfsv3_enabled": false,
            "primary_access_key": "rEVSD5m/bMFNiiPUbpC7x8PMlrcuj6tYFx06YCGVpgyUWdfo4JS509VHd5TH0g9Bh94+b6zXVkeW+AStHNb1fA==",
            "primary_blob_connection_string": "DefaultEndpointsProtocol=https;BlobEndpoint=https://codewithyusa.blob.core.windows.net/;AccountName=codewithyusa;AccountKey=rEVSD5m/bMFNiiPUbpC7x8PMlrcuj6tYFx06YCGVpgyUWdfo4JS509VHd5TH0g9Bh94+b6zXVkeW+AStHNb1fA==",
            "primary_blob_endpoint": "https://codewithyusa.blob.core.windows.net/",
            "primary_blob_host": "codewithyusa.blob.core.windows.net",
            "primary_connection_string": "DefaultEndpointsProtocol=https;AccountName=codewithyusa;AccountKey=rEVSD5m/bMFNiiPUbpC7x8PMlrcuj6tYFx06YCGVpgyUWdfo4JS509VHd5TH0g9Bh94+b6zXVkeW+AStHNb1fA==;EndpointSuffix=core.windows.net",
            "primary_dfs_endpoint": "https://codewithyusa.dfs.core.windows.net/",
            "primary_dfs_host": "codewithyusa.dfs.core.windows.net",
            "primary_file_endpoint": "https://codewithyusa.file.core.windows.net/",
            "primary_file_host": "codewithyusa.file.core.windows.net",
            "primary_location": "uksouth",
            "primary_queue_endpoint": "https://codewithyusa.queue.core.windows.net/",
            "primary_queue_host": "codewithyusa.queue.core.windows.net",
            "primary_table_endpoint": "https://codewithyusa.table.core.windows.net/",
            "primary_table_host": "codewithyusa.table.core.windows.net",
            "primary_web_endpoint": "https://codewithyusa.z33.web.core.windows.net/",
            "primary_web_host": "codewithyusa.z33.web.core.windows.net",
            "queue_encryption_key_type": "Service",
            "resource_group_name": "codewithyu-rg",
            "secondary_access_key": "d2H6EsCpVypIQZx53VuXhIMZlmT/Q+lfGr2kS5dbFet4xnsWxt1znWPnFsNQyMYh7bcN78FdV02d+AStgPD/gA==",
            "secondary_blob_connection_string": "",
            "secondary_blob_endpoint": null,
            "secondary_blob_host": null,
            "secondary_connection_string": "DefaultEndpointsProtocol=https;AccountName=codewithyusa;AccountKey=d2H6EsCpVypIQZx53VuXhIMZlmT/Q+lfGr2kS5dbFet4xnsWxt1znWPnFsNQyMYh7bcN78FdV02d+AStgPD/gA==;EndpointSuffix=core.windows.net",
            "secondary_dfs_endpoint": null,
            "secondary_dfs_host": null,
            "secondary_file_endpoint": null,
            "secondary_file_host": null,
            "secondary_location": "",
            "secondary_queue_endpoint": null,
            "secondary_queue_host": null,
            "secondary_table_endpoint": null,
            "secondary_table_host": null,
            "secondary_web_endpoint": null,
            "secondary_web_host": null,
            "table_encryption_key_type": "Service",
            "tags": {
              "environment": "development"
            },
            "timeouts": null
          },
          "sensitive_attributes": [
            [
              {
                "type": "get_attr",
                "value": "primary_access_key"
              }
            ],
            [
              {
                "type": "get_attr",
                "value": "primary_connection_string"
              }
            ],
            [
              {
                "type": "get_attr",
                "value": "secondary_blob_connection_string"
              }
            ],
            [
              {
                "type": "get_attr",
                "value": "primary_blob_connection_string"
              }
            ],
            [
              {
                "type": "get_attr",
                "value": "secondary_access_key"
              }
            ],
            [
              {
                "type": "get_attr",
                "value": "secondary_connection_string"
              }
            ]
          ]
        }
      ]
    },
    {
      "module": "module.data_factory",
      "mode": "managed",
      "type": "azurerm_data_factory",
      "name": "adf",
      "provider": "provider[\"registry.terraform.io/hashicorp/azurerm\"]",
      "instances": [
        {
          "schema_version": 2,
          "attributes": {
            "customer_managed_key_id": "",
            "customer_managed_key_identity_id": "",
            "github_configuration": [],
            "global_parameter": [],
            "id": "/subscriptions/234d4c8a-2c3c-4470-8312-e978f40dc6dd/resourceGroups/codewithyu-rg/providers/Microsoft.DataFactory/factories/codewithyu-adf",
            "identity": [
              {
                "identity_ids": null,
                "principal_id": "ba53ec5f-a1e1-43ab-b3c3-ec4d193f9851",
                "tenant_id": "cc6148eb-d356-4f38-900f-3a4d62b954c8",
                "type": "SystemAssigned"
              }
            ],
            "location": "uksouth",
            "managed_virtual_network_enabled": false,
            "name": "codewithyu-adf",
            "public_network_enabled": true,
            "purview_id": null,
            "resource_group_name": "codewithyu-rg",
            "tags": null,
            "timeouts": null,
            "vsts_configuration": []
          },
          "sensitive_attributes": [],
          "private": "eyJlMmJmYjczMC1lY2FhLTExZTYtOGY4OC0zNDM2M2JjN2M0YzAiOnsiY3JlYXRlIjoxODAwMDAwMDAwMDAwLCJkZWxldGUiOjE4MDAwMDAwMDAwMDAsInJlYWQiOjMwMDAwMDAwMDAwMCwidXBkYXRlIjoxODAwMDAwMDAwMDAwfSwic2NoZW1hX3ZlcnNpb24iOiIyIn0=",
          "dependencies": [
            "azurerm_resource_group.rg",
            "module.storage_account.azurerm_storage_account.storage",
            "module.storage_account.azurerm_storage_blob.create_test_file",
            "module.storage_account.azurerm_storage_container.create_container"
          ]
        }
      ]
    },
    {
      "module": "module.data_factory",
      "mode": "managed",
      "type": "azurerm_data_factory_dataset_binary",
      "name": "destination_dataset",
      "provider": "provider[\"registry.terraform.io/hashicorp/azurerm\"]",
      "instances": [
        {
          "schema_version": 0,
          "attributes": {
            "additional_properties": null,
            "annotations": null,
            "azure_blob_storage_location": [
              {
                "container": "destination",
                "dynamic_container_enabled": false,
                "dynamic_filename_enabled": false,
                "dynamic_path_enabled": false,
                "filename": "test-2024-06-25-03-13-41.txt",
                "path": ""
              }
            ],
            "compression": [],
            "data_factory_id": "/subscriptions/234d4c8a-2c3c-4470-8312-e978f40dc6dd/resourceGroups/codewithyu-rg/providers/Microsoft.DataFactory/factories/codewithyu-adf",
            "description": "",
            "folder": null,
            "http_server_location": [],
            "id": "/subscriptions/234d4c8a-2c3c-4470-8312-e978f40dc6dd/resourceGroups/codewithyu-rg/providers/Microsoft.DataFactory/factories/codewithyu-adf/datasets/destination_dataset",
            "linked_service_name": "destination-storage",
            "name": "destination_dataset",
            "parameters": null,
            "sftp_server_location": [],
            "timeouts": null
          },
          "sensitive_attributes": [],
          "private": "eyJlMmJmYjczMC1lY2FhLTExZTYtOGY4OC0zNDM2M2JjN2M0YzAiOnsiY3JlYXRlIjoxODAwMDAwMDAwMDAwLCJkZWxldGUiOjE4MDAwMDAwMDAwMDAsInJlYWQiOjMwMDAwMDAwMDAwMCwidXBkYXRlIjoxODAwMDAwMDAwMDAwfX0=",
          "dependencies": [
            "azurerm_resource_group.rg",
            "module.data_factory.azurerm_data_factory.adf",
            "module.data_factory.azurerm_data_factory_linked_service_azure_blob_storage.destination",
            "module.data_factory.data.azurerm_storage_account.destination_folder_storage",
            "module.storage_account.azurerm_storage_account.storage",
            "module.storage_account.azurerm_storage_blob.create_test_file",
            "module.storage_account.azurerm_storage_container.create_container"
          ]
        }
      ]
    },
    {
      "module": "module.data_factory",
      "mode": "managed",
      "type": "azurerm_data_factory_dataset_binary",
      "name": "source_dataset",
      "provider": "provider[\"registry.terraform.io/hashicorp/azurerm\"]",
      "instances": [
        {
          "schema_version": 0,
          "attributes": {
            "additional_properties": null,
            "annotations": null,
            "azure_blob_storage_location": [
              {
                "container": "source",
                "dynamic_container_enabled": false,
                "dynamic_filename_enabled": false,
                "dynamic_path_enabled": false,
                "filename": "test.txt",
                "path": ""
              }
            ],
            "compression": [],
            "data_factory_id": "/subscriptions/234d4c8a-2c3c-4470-8312-e978f40dc6dd/resourceGroups/codewithyu-rg/providers/Microsoft.DataFactory/factories/codewithyu-adf",
            "description": "",
            "folder": null,
            "http_server_location": [],
            "id": "/subscriptions/234d4c8a-2c3c-4470-8312-e978f40dc6dd/resourceGroups/codewithyu-rg/providers/Microsoft.DataFactory/factories/codewithyu-adf/datasets/source_dataset",
            "linked_service_name": "source-storage",
            "name": "source_dataset",
            "parameters": null,
            "sftp_server_location": [],
            "timeouts": null
          },
          "sensitive_attributes": [],
          "private": "eyJlMmJmYjczMC1lY2FhLTExZTYtOGY4OC0zNDM2M2JjN2M0YzAiOnsiY3JlYXRlIjoxODAwMDAwMDAwMDAwLCJkZWxldGUiOjE4MDAwMDAwMDAwMDAsInJlYWQiOjMwMDAwMDAwMDAwMCwidXBkYXRlIjoxODAwMDAwMDAwMDAwfX0=",
          "dependencies": [
            "azurerm_resource_group.rg",
            "module.data_factory.azurerm_data_factory.adf",
            "module.data_factory.azurerm_data_factory_linked_service_azure_blob_storage.source",
            "module.data_factory.data.azurerm_storage_account.source_folder_storage",
            "module.storage_account.azurerm_storage_account.storage",
            "module.storage_account.azurerm_storage_blob.create_test_file",
            "module.storage_account.azurerm_storage_container.create_container"
          ]
        }
      ]
    },
    {
      "module": "module.data_factory",
      "mode": "managed",
      "type": "azurerm_data_factory_linked_service_azure_blob_storage",
      "name": "destination",
      "provider": "provider[\"registry.terraform.io/hashicorp/azurerm\"]",
      "instances": [
        {
          "schema_version": 0,
          "attributes": {
            "additional_properties": null,
            "annotations": null,
            "connection_string": "DefaultEndpointsProtocol=https;AccountName=codewithyusa;AccountKey=rEVSD5m/bMFNiiPUbpC7x8PMlrcuj6tYFx06YCGVpgyUWdfo4JS509VHd5TH0g9Bh94+b6zXVkeW+AStHNb1fA==;EndpointSuffix=core.windows.net",
            "data_factory_id": "/subscriptions/234d4c8a-2c3c-4470-8312-e978f40dc6dd/resourceGroups/codewithyu-rg/providers/Microsoft.DataFactory/factories/codewithyu-adf",
            "description": "",
            "id": "/subscriptions/234d4c8a-2c3c-4470-8312-e978f40dc6dd/resourceGroups/codewithyu-rg/providers/Microsoft.DataFactory/factories/codewithyu-adf/linkedservices/destination-storage",
            "integration_runtime_name": null,
            "key_vault_sas_token": [],
            "name": "destination-storage",
            "parameters": null,
            "sas_uri": null,
            "service_endpoint": null,
            "service_principal_id": "",
            "service_principal_key": null,
            "service_principal_linked_key_vault_key": [],
            "storage_kind": "",
            "tenant_id": "",
            "timeouts": null,
            "use_managed_identity": false
          },
          "sensitive_attributes": [
            [
              {
                "type": "get_attr",
                "value": "service_endpoint"
              }
            ],
            [
              {
                "type": "get_attr",
                "value": "sas_uri"
              }
            ],
            [
              {
                "type": "get_attr",
                "value": "connection_string"
              }
            ]
          ],
          "private": "eyJlMmJmYjczMC1lY2FhLTExZTYtOGY4OC0zNDM2M2JjN2M0YzAiOnsiY3JlYXRlIjoxODAwMDAwMDAwMDAwLCJkZWxldGUiOjE4MDAwMDAwMDAwMDAsInJlYWQiOjMwMDAwMDAwMDAwMCwidXBkYXRlIjoxODAwMDAwMDAwMDAwfX0=",
          "dependencies": [
            "azurerm_resource_group.rg",
            "module.data_factory.azurerm_data_factory.adf",
            "module.data_factory.data.azurerm_storage_account.destination_folder_storage",
            "module.storage_account.azurerm_storage_account.storage",
            "module.storage_account.azurerm_storage_blob.create_test_file",
            "module.storage_account.azurerm_storage_container.create_container"
          ]
        }
      ]
    },
    {
      "module": "module.data_factory",
      "mode": "managed",
      "type": "azurerm_data_factory_linked_service_azure_blob_storage",
      "name": "source",
      "provider": "provider[\"registry.terraform.io/hashicorp/azurerm\"]",
      "instances": [
        {
          "schema_version": 0,
          "attributes": {
            "additional_properties": null,
            "annotations": null,
            "connection_string": "DefaultEndpointsProtocol=https;AccountName=codewithyusa;AccountKey=rEVSD5m/bMFNiiPUbpC7x8PMlrcuj6tYFx06YCGVpgyUWdfo4JS509VHd5TH0g9Bh94+b6zXVkeW+AStHNb1fA==;EndpointSuffix=core.windows.net",
            "data_factory_id": "/subscriptions/234d4c8a-2c3c-4470-8312-e978f40dc6dd/resourceGroups/codewithyu-rg/providers/Microsoft.DataFactory/factories/codewithyu-adf",
            "description": "",
            "id": "/subscriptions/234d4c8a-2c3c-4470-8312-e978f40dc6dd/resourceGroups/codewithyu-rg/providers/Microsoft.DataFactory/factories/codewithyu-adf/linkedservices/source-storage",
            "integration_runtime_name": null,
            "key_vault_sas_token": [],
            "name": "source-storage",
            "parameters": null,
            "sas_uri": null,
            "service_endpoint": null,
            "service_principal_id": "",
            "service_principal_key": null,
            "service_principal_linked_key_vault_key": [],
            "storage_kind": "",
            "tenant_id": "",
            "timeouts": null,
            "use_managed_identity": false
          },
          "sensitive_attributes": [
            [
              {
                "type": "get_attr",
                "value": "service_endpoint"
              }
            ],
            [
              {
                "type": "get_attr",
                "value": "sas_uri"
              }
            ],
            [
              {
                "type": "get_attr",
                "value": "connection_string"
              }
            ]
          ],
          "private": "eyJlMmJmYjczMC1lY2FhLTExZTYtOGY4OC0zNDM2M2JjN2M0YzAiOnsiY3JlYXRlIjoxODAwMDAwMDAwMDAwLCJkZWxldGUiOjE4MDAwMDAwMDAwMDAsInJlYWQiOjMwMDAwMDAwMDAwMCwidXBkYXRlIjoxODAwMDAwMDAwMDAwfX0=",
          "dependencies": [
            "azurerm_resource_group.rg",
            "module.data_factory.azurerm_data_factory.adf",
            "module.data_factory.data.azurerm_storage_account.source_folder_storage",
            "module.storage_account.azurerm_storage_account.storage",
            "module.storage_account.azurerm_storage_blob.create_test_file",
            "module.storage_account.azurerm_storage_container.create_container"
          ]
        }
      ]
    },
    {
      "module": "module.data_factory",
      "mode": "managed",
      "type": "azurerm_data_factory_pipeline",
      "name": "copy_data",
      "provider": "provider[\"registry.terraform.io/hashicorp/azurerm\"]",
      "instances": [
        {
          "schema_version": 0,
          "attributes": {
            "activities_json": "[{\"external\":true,\"inputs\":[{\"referenceName\":\"source_dataset\",\"type\":\"DatasetReference\"}],\"name\":\"CopyFromSourceToDestination\",\"outputs\":[{\"referenceName\":\"destination_dataset\",\"type\":\"DatasetReference\"}],\"policy\":{\"retry\":0,\"retryIntervalInSeconds\":30,\"secureOutput\":false,\"timeout\":\"7.00:00:00\"},\"scheduler\":{\"frequency\":\"Day\",\"interval\":1},\"type\":\"Copy\",\"typeProperties\":{\"source\":{\"recursive\":true,\"storeSettings\":null,\"type\":\"BinarySource\"},\"sink\":{\"storeSettings\":null,\"type\":\"BinarySink\"},\"enableStaging\":false}}]",
            "annotations": null,
            "concurrency": 0,
            "data_factory_id": "/subscriptions/234d4c8a-2c3c-4470-8312-e978f40dc6dd/resourceGroups/codewithyu-rg/providers/Microsoft.DataFactory/factories/codewithyu-adf",
            "description": "",
            "folder": null,
            "id": "/subscriptions/234d4c8a-2c3c-4470-8312-e978f40dc6dd/resourceGroups/codewithyu-rg/providers/Microsoft.DataFactory/factories/codewithyu-adf/pipelines/copy_data_pipeline",
            "moniter_metrics_after_duration": "",
            "name": "copy_data_pipeline",
            "parameters": null,
            "timeouts": null,
            "variables": null
          },
          "sensitive_attributes": [],
          "private": "eyJlMmJmYjczMC1lY2FhLTExZTYtOGY4OC0zNDM2M2JjN2M0YzAiOnsiY3JlYXRlIjoxODAwMDAwMDAwMDAwLCJkZWxldGUiOjE4MDAwMDAwMDAwMDAsInJlYWQiOjMwMDAwMDAwMDAwMCwidXBkYXRlIjoxODAwMDAwMDAwMDAwfX0=",
          "dependencies": [
            "azurerm_resource_group.rg",
            "module.data_factory.azurerm_data_factory.adf",
            "module.data_factory.azurerm_data_factory_dataset_binary.destination_dataset",
            "module.data_factory.azurerm_data_factory_dataset_binary.source_dataset",
            "module.data_factory.azurerm_data_factory_linked_service_azure_blob_storage.destination",
            "module.data_factory.azurerm_data_factory_linked_service_azure_blob_storage.source",
            "module.data_factory.data.azurerm_storage_account.destination_folder_storage",
            "module.data_factory.data.azurerm_storage_account.source_folder_storage",
            "module.storage_account.azurerm_storage_account.storage",
            "module.storage_account.azurerm_storage_blob.create_test_file",
            "module.storage_account.azurerm_storage_container.create_container"
          ]
        }
      ]
    },
    {
      "module": "module.storage_account",
      "mode": "managed",
      "type": "azurerm_storage_account",
      "name": "storage",
      "provider": "provider[\"registry.terraform.io/hashicorp/azurerm\"]",
      "instances": [
        {
          "schema_version": 3,
          "attributes": {
            "access_tier": "Hot",
            "account_kind": "StorageV2",
            "account_replication_type": "LRS",
            "account_tier": "Standard",
            "allow_nested_items_to_be_public": true,
            "azure_files_authentication": [],
            "blob_properties": [
              {
                "change_feed_enabled": false,
                "change_feed_retention_in_days": 0,
                "container_delete_retention_policy": [],
                "cors_rule": [],
                "default_service_version": "",
                "delete_retention_policy": [],
                "last_access_time_enabled": false,
                "versioning_enabled": false
              }
            ],
            "cross_tenant_replication_enabled": true,
            "custom_domain": [],
            "customer_managed_key": [],
            "default_to_oauth_authentication": false,
            "edge_zone": "",
            "enable_https_traffic_only": true,
            "id": "/subscriptions/234d4c8a-2c3c-4470-8312-e978f40dc6dd/resourceGroups/codewithyu-rg/providers/Microsoft.Storage/storageAccounts/codewithyusa",
            "identity": [],
            "immutability_policy": [],
            "infrastructure_encryption_enabled": false,
            "is_hns_enabled": false,
            "large_file_share_enabled": null,
            "location": "uksouth",
            "min_tls_version": "TLS1_2",
            "name": "codewithyusa",
            "network_rules": [
              {
                "bypass": [
                  "AzureServices"
                ],
                "default_action": "Allow",
                "ip_rules": [],
                "private_link_access": [],
                "virtual_network_subnet_ids": []
              }
            ],
            "nfsv3_enabled": false,
            "primary_access_key": "rEVSD5m/bMFNiiPUbpC7x8PMlrcuj6tYFx06YCGVpgyUWdfo4JS509VHd5TH0g9Bh94+b6zXVkeW+AStHNb1fA==",
            "primary_blob_connection_string": "DefaultEndpointsProtocol=https;BlobEndpoint=https://codewithyusa.blob.core.windows.net/;AccountName=codewithyusa;AccountKey=rEVSD5m/bMFNiiPUbpC7x8PMlrcuj6tYFx06YCGVpgyUWdfo4JS509VHd5TH0g9Bh94+b6zXVkeW+AStHNb1fA==",
            "primary_blob_endpoint": "https://codewithyusa.blob.core.windows.net/",
            "primary_blob_host": "codewithyusa.blob.core.windows.net",
            "primary_connection_string": "DefaultEndpointsProtocol=https;AccountName=codewithyusa;AccountKey=rEVSD5m/bMFNiiPUbpC7x8PMlrcuj6tYFx06YCGVpgyUWdfo4JS509VHd5TH0g9Bh94+b6zXVkeW+AStHNb1fA==;EndpointSuffix=core.windows.net",
            "primary_dfs_endpoint": "https://codewithyusa.dfs.core.windows.net/",
            "primary_dfs_host": "codewithyusa.dfs.core.windows.net",
            "primary_file_endpoint": "https://codewithyusa.file.core.windows.net/",
            "primary_file_host": "codewithyusa.file.core.windows.net",
            "primary_location": "uksouth",
            "primary_queue_endpoint": "https://codewithyusa.queue.core.windows.net/",
            "primary_queue_host": "codewithyusa.queue.core.windows.net",
            "primary_table_endpoint": "https://codewithyusa.table.core.windows.net/",
            "primary_table_host": "codewithyusa.table.core.windows.net",
            "primary_web_endpoint": "https://codewithyusa.z33.web.core.windows.net/",
            "primary_web_host": "codewithyusa.z33.web.core.windows.net",
            "public_network_access_enabled": true,
            "queue_encryption_key_type": "Service",
            "queue_properties": [
              {
                "cors_rule": [],
                "hour_metrics": [
                  {
                    "enabled": true,
                    "include_apis": true,
                    "retention_policy_days": 7,
                    "version": "1.0"
                  }
                ],
                "logging": [
                  {
                    "delete": false,
                    "read": false,
                    "retention_policy_days": 0,
                    "version": "1.0",
                    "write": false
                  }
                ],
                "minute_metrics": [
                  {
                    "enabled": false,
                    "include_apis": false,
                    "retention_policy_days": 0,
                    "version": "1.0"
                  }
                ]
              }
            ],
            "resource_group_name": "codewithyu-rg",
            "routing": [],
            "sas_policy": [],
            "secondary_access_key": "d2H6EsCpVypIQZx53VuXhIMZlmT/Q+lfGr2kS5dbFet4xnsWxt1znWPnFsNQyMYh7bcN78FdV02d+AStgPD/gA==",
            "secondary_blob_connection_string": "",
            "secondary_blob_endpoint": null,
            "secondary_blob_host": null,
            "secondary_connection_string": "DefaultEndpointsProtocol=https;AccountName=codewithyusa;AccountKey=d2H6EsCpVypIQZx53VuXhIMZlmT/Q+lfGr2kS5dbFet4xnsWxt1znWPnFsNQyMYh7bcN78FdV02d+AStgPD/gA==;EndpointSuffix=core.windows.net",
            "secondary_dfs_endpoint": null,
            "secondary_dfs_host": null,
            "secondary_file_endpoint": null,
            "secondary_file_host": null,
            "secondary_location": "",
            "secondary_queue_endpoint": null,
            "secondary_queue_host": null,
            "secondary_table_endpoint": null,
            "secondary_table_host": null,
            "secondary_web_endpoint": null,
            "secondary_web_host": null,
            "sftp_enabled": false,
            "share_properties": [
              {
                "cors_rule": [],
                "retention_policy": [
                  {
                    "days": 7
                  }
                ],
                "smb": []
              }
            ],
            "shared_access_key_enabled": true,
            "static_website": [],
            "table_encryption_key_type": "Service",
            "tags": {
              "environment": "development"
            },
            "timeouts": null
          },
          "sensitive_attributes": [
            [
              {
                "type": "get_attr",
                "value": "primary_blob_connection_string"
              }
            ],
            [
              {
                "type": "get_attr",
                "value": "secondary_connection_string"
              }
            ],
            [
              {
                "type": "get_attr",
                "value": "secondary_access_key"
              }
            ],
            [
              {
                "type": "get_attr",
                "value": "secondary_blob_connection_string"
              }
            ],
            [
              {
                "type": "get_attr",
                "value": "primary_connection_string"
              }
            ],
            [
              {
                "type": "get_attr",
                "value": "primary_access_key"
              }
            ]
          ],
          "private": "eyJlMmJmYjczMC1lY2FhLTExZTYtOGY4OC0zNDM2M2JjN2M0YzAiOnsiY3JlYXRlIjozNjAwMDAwMDAwMDAwLCJkZWxldGUiOjM2MDAwMDAwMDAwMDAsInJlYWQiOjMwMDAwMDAwMDAwMCwidXBkYXRlIjozNjAwMDAwMDAwMDAwfSwic2NoZW1hX3ZlcnNpb24iOiIzIn0=",
          "dependencies": [
            "azurerm_resource_group.rg"
          ]
        }
      ]
    },
    {
      "module": "module.storage_account",
      "mode": "managed",
      "type": "azurerm_storage_blob",
      "name": "create_test_file",
      "provider": "provider[\"registry.terraform.io/hashicorp/azurerm\"]",
      "instances": [
        {
          "schema_version": 1,
          "attributes": {
            "access_tier": "Hot",
            "cache_control": "",
            "content_md5": "",
            "content_type": "application/octet-stream",
            "id": "https://codewithyusa.blob.core.windows.net/source/test.txt",
            "metadata": {},
            "name": "test.txt",
            "parallelism": 8,
            "size": 0,
            "source": null,
            "source_content": "Hello CodeWithYou Community from Hlombe!",
            "source_uri": null,
            "storage_account_name": "codewithyusa",
            "storage_container_name": "source",
            "timeouts": null,
            "type": "Block",
            "url": "https://codewithyusa.blob.core.windows.net/source/test.txt"
          },
          "sensitive_attributes": [],
          "private": "eyJlMmJmYjczMC1lY2FhLTExZTYtOGY4OC0zNDM2M2JjN2M0YzAiOnsiY3JlYXRlIjoxODAwMDAwMDAwMDAwLCJkZWxldGUiOjE4MDAwMDAwMDAwMDAsInJlYWQiOjMwMDAwMDAwMDAwMCwidXBkYXRlIjoxODAwMDAwMDAwMDAwfSwic2NoZW1hX3ZlcnNpb24iOiIxIn0=",
          "dependencies": [
            "azurerm_resource_group.rg",
            "module.storage_account.azurerm_storage_account.storage",
            "module.storage_account.azurerm_storage_container.create_container"
          ]
        }
      ]
    },
    {
      "module": "module.storage_account",
      "mode": "managed",
      "type": "azurerm_storage_container",
      "name": "create_container",
      "provider": "provider[\"registry.terraform.io/hashicorp/azurerm\"]",
      "instances": [
        {
          "index_key": "destination",
          "schema_version": 1,
          "attributes": {
            "container_access_type": "private",
            "has_immutability_policy": false,
            "has_legal_hold": false,
            "id": "https://codewithyusa.blob.core.windows.net/destination",
            "metadata": {},
            "name": "destination",
            "resource_manager_id": "/subscriptions/234d4c8a-2c3c-4470-8312-e978f40dc6dd/resourceGroups/codewithyu-rg/providers/Microsoft.Storage/storageAccounts/codewithyusa/blobServices/default/containers/destination",
            "storage_account_name": "codewithyusa",
            "timeouts": null
          },
          "sensitive_attributes": [],
          "private": "eyJlMmJmYjczMC1lY2FhLTExZTYtOGY4OC0zNDM2M2JjN2M0YzAiOnsiY3JlYXRlIjoxODAwMDAwMDAwMDAwLCJkZWxldGUiOjE4MDAwMDAwMDAwMDAsInJlYWQiOjMwMDAwMDAwMDAwMCwidXBkYXRlIjoxODAwMDAwMDAwMDAwfSwic2NoZW1hX3ZlcnNpb24iOiIxIn0=",
          "dependencies": [
            "azurerm_resource_group.rg",
            "module.storage_account.azurerm_storage_account.storage"
          ]
        },
        {
          "index_key": "source",
          "schema_version": 1,
          "attributes": {
            "container_access_type": "private",
            "has_immutability_policy": false,
            "has_legal_hold": false,
            "id": "https://codewithyusa.blob.core.windows.net/source",
            "metadata": {},
            "name": "source",
            "resource_manager_id": "/subscriptions/234d4c8a-2c3c-4470-8312-e978f40dc6dd/resourceGroups/codewithyu-rg/providers/Microsoft.Storage/storageAccounts/codewithyusa/blobServices/default/containers/source",
            "storage_account_name": "codewithyusa",
            "timeouts": null
          },
          "sensitive_attributes": [],
          "private": "eyJlMmJmYjczMC1lY2FhLTExZTYtOGY4OC0zNDM2M2JjN2M0YzAiOnsiY3JlYXRlIjoxODAwMDAwMDAwMDAwLCJkZWxldGUiOjE4MDAwMDAwMDAwMDAsInJlYWQiOjMwMDAwMDAwMDAwMCwidXBkYXRlIjoxODAwMDAwMDAwMDAwfSwic2NoZW1hX3ZlcnNpb24iOiIxIn0=",
          "dependencies": [
            "azurerm_resource_group.rg",
            "module.storage_account.azurerm_storage_account.storage"
          ]
        }
      ]
    }
  ],
  "check_results": null
}
